// !$*UTF8*$!
{
	archiveVersion = 1;
	classes = {
	};
	objectVersion = 54;
	objects = {

/* Begin PBXBuildFile section */
		00E356F31AD99517003FC87E /* AmplifyAudiobooksTests.m in Sources */ = {isa = PBXBuildFile; fileRef = 00E356F21AD99517003FC87E /* AmplifyAudiobooksTests.m */; };
		0C80B921A6F3F58F76C31292 /* libPods-AmplifyAudiobooks.a in Frameworks */ = {isa = PBXBuildFile; fileRef = 5DCACB8F33CDC322A6C60F78 /* libPods-AmplifyAudiobooks.a */; };
		0DD73E9AA94D450ABA3030D5 /* GlacialIndifference-Bold.woff2 in Resources */ = {isa = PBXBuildFile; fileRef = 2016D9686D424D91B9F90C6A /* GlacialIndifference-Bold.woff2 */; };
		13B07FBC1A68108700A75B9A /* AppDelegate.mm in Sources */ = {isa = PBXBuildFile; fileRef = 13B07FB01A68108700A75B9A /* AppDelegate.mm */; };
		13B07FBF1A68108700A75B9A /* Images.xcassets in Resources */ = {isa = PBXBuildFile; fileRef = 13B07FB51A68108700A75B9A /* Images.xcassets */; };
		13B07FC11A68108700A75B9A /* main.m in Sources */ = {isa = PBXBuildFile; fileRef = 13B07FB71A68108700A75B9A /* main.m */; };
		17A753EC534A4A17A5E972D1 /* GlacialIndifference-Bold.woff in Resources */ = {isa = PBXBuildFile; fileRef = 02C42A101D0C4AC696472314 /* GlacialIndifference-Bold.woff */; };
		17CAC14E794A4BA683C89748 /* Roboto-Bold.ttf in Resources */ = {isa = PBXBuildFile; fileRef = C0DAAD2101CF48A4A3E952C6 /* Roboto-Bold.ttf */; };
		185FAC60087046EA9FCA639C /* Shrikhand-Regular.ttf in Resources */ = {isa = PBXBuildFile; fileRef = 648AB7BA3BF041179CAD6F68 /* Shrikhand-Regular.ttf */; };
		2703EFF2FE474F0F91FC8A64 /* Roboto-Thin.ttf in Resources */ = {isa = PBXBuildFile; fileRef = 03FFCF20EFD141B3BB4B4681 /* Roboto-Thin.ttf */; };
		38807E1CCDE047D0884CD8D3 /* GlacialIndifference-Bold.ttf in Resources */ = {isa = PBXBuildFile; fileRef = 4B3DD4A2FD264974BCA4FA42 /* GlacialIndifference-Bold.ttf */; };
		3D59DC5B1DA543509164C277 /* Roboto-Medium.ttf in Resources */ = {isa = PBXBuildFile; fileRef = 1F2155F344E8490EA7B2B309 /* Roboto-Medium.ttf */; };
		5A18B5C94F9749DDB91607A5 /* Roboto-Light.ttf in Resources */ = {isa = PBXBuildFile; fileRef = 5521ED951BA14AE88D0A850E /* Roboto-Light.ttf */; };
		5EF9987DE70041BB97FB1238 /* GloriaHallelujah-Regular.ttf in Resources */ = {isa = PBXBuildFile; fileRef = 4E4D9052DD6F408F96588FB0 /* GloriaHallelujah-Regular.ttf */; };
		6596DC10CBB84F428A100964 /* NanumPen-Regular.ttf in Resources */ = {isa = PBXBuildFile; fileRef = F4818925339C49FF9131FF80 /* NanumPen-Regular.ttf */; };
		7699B88040F8A987B510C191 /* libPods-AmplifyAudiobooks-AmplifyAudiobooksTests.a in Frameworks */ = {isa = PBXBuildFile; fileRef = 19F6CBCC0A4E27FBF8BF4A61 /* libPods-AmplifyAudiobooks-AmplifyAudiobooksTests.a */; };
		76BF36B6551BC520E4C66C55 /* ExpoModulesProvider.swift in Sources */ = {isa = PBXBuildFile; fileRef = 8A5EE1C9EDC7BAB940142884 /* ExpoModulesProvider.swift */; };
		81AB9BB82411601600AC10FF /* LaunchScreen.storyboard in Resources */ = {isa = PBXBuildFile; fileRef = 81AB9BB72411601600AC10FF /* LaunchScreen.storyboard */; };
		825085CF00D54DEF971D1B03 /* Roboto-Regular.ttf in Resources */ = {isa = PBXBuildFile; fileRef = A7658F9B1F594F16B3D90750 /* Roboto-Regular.ttf */; };
		840DD7BC34CD413C9066946B /* GlacialIndifference_Specimen.html in Resources */ = {isa = PBXBuildFile; fileRef = 436F5B8340994FC7A36132E3 /* GlacialIndifference_Specimen.html */; };
		8507B0C38D1140FCBBCE83E6 /* Roboto-Italic.ttf in Resources */ = {isa = PBXBuildFile; fileRef = 7F11B3D1FB004C30B0B4C902 /* Roboto-Italic.ttf */; };
		91BB6E2DEE904E27B3FD1006 /* PrivacyInfo.xcprivacy in Resources */ = {isa = PBXBuildFile; fileRef = F99BE44D5D600A95F1D0D9FD /* PrivacyInfo.xcprivacy */; };
		985D0CB52DCC13BD00DC7174 /* GlacialIndifference-Bold.woff2 in Resources */ = {isa = PBXBuildFile; fileRef = 985D0CB22DCC13BD00DC7174 /* GlacialIndifference-Bold.woff2 */; };
		985D0CB62DCC13BD00DC7174 /* GlacialIndifference-Bold.woff in Resources */ = {isa = PBXBuildFile; fileRef = 985D0CB12DCC13BD00DC7174 /* GlacialIndifference-Bold.woff */; };
		985D0CB72DCC13BD00DC7174 /* GlacialIndifference-Bold.otf in Resources */ = {isa = PBXBuildFile; fileRef = 985D0CAF2DCC13BD00DC7174 /* GlacialIndifference-Bold.otf */; };
		985D0CB82DCC13BD00DC7174 /* GlacialIndifference_Specimen.html in Resources */ = {isa = PBXBuildFile; fileRef = 985D0CAE2DCC13BD00DC7174 /* GlacialIndifference_Specimen.html */; };
		9865E6E32BB24A4A004F6D25 /* Roboto-Black.ttf in Resources */ = {isa = PBXBuildFile; fileRef = 9865E6D12BB24A4A004F6D25 /* Roboto-Black.ttf */; };
		9865E6E72BB24A4A004F6D25 /* Roboto-Italic.ttf in Resources */ = {isa = PBXBuildFile; fileRef = 9865E6D52BB24A4A004F6D25 /* Roboto-Italic.ttf */; };
		9865E6EE2BB24A4A004F6D25 /* Roboto-ThinItalic.ttf in Resources */ = {isa = PBXBuildFile; fileRef = 9865E6DC2BB24A4A004F6D25 /* Roboto-ThinItalic.ttf */; };
		9D8CDAE2691D4965B1ED626D /* Roboto-MediumItalic.ttf in Resources */ = {isa = PBXBuildFile; fileRef = 24945DF6A0A043DF936634CE /* Roboto-MediumItalic.ttf */; };
		B0CD17B70ED340C8819CF7D5 /* Roboto-BlackItalic.ttf in Resources */ = {isa = PBXBuildFile; fileRef = FEC9EACBA7BA47C68C21058B /* Roboto-BlackItalic.ttf */; };
		B2993FFE23FB40D7AC24FFDA /* GlacialIndifference-Bold.otf in Resources */ = {isa = PBXBuildFile; fileRef = 34F9700ACC2843E2A1D4E31C /* GlacialIndifference-Bold.otf */; };
		B6C0928AAA6942AEADA76308 /* Roboto-BoldItalic.ttf in Resources */ = {isa = PBXBuildFile; fileRef = D6DEC7A5B70A4EC8A0BBEF1C /* Roboto-BoldItalic.ttf */; };
		CF9ADF36AD1BA006DC8407F9 /* ExpoModulesProvider.swift in Sources */ = {isa = PBXBuildFile; fileRef = CCACD0A71B32ACCE02EFD555 /* ExpoModulesProvider.swift */; };
		E2C227D4A193434F84790DDB /* Roboto-LightItalic.ttf in Resources */ = {isa = PBXBuildFile; fileRef = 797C5CDC110D4066B5947CCD /* Roboto-LightItalic.ttf */; };
		F37DA365DE7F4763B9428381 /* RockSalt-Regular.ttf in Resources */ = {isa = PBXBuildFile; fileRef = E4D66296749A499BAA3BC8C5 /* RockSalt-Regular.ttf */; };
/* End PBXBuildFile section */

/* Begin PBXContainerItemProxy section */
		00E356F41AD99517003FC87E /* PBXContainerItemProxy */ = {
			isa = PBXContainerItemProxy;
			containerPortal = 83CBB9F71A601CBA00E9B192 /* Project object */;
			proxyType = 1;
			remoteGlobalIDString = 13B07F861A680F5B00A75B9A;
			remoteInfo = AmplifyAudiobooks;
		};
/* End PBXContainerItemProxy section */

/* Begin PBXFileReference section */
		00E356EE1AD99517003FC87E /* AmplifyAudiobooksTests.xctest */ = {isa = PBXFileReference; explicitFileType = wrapper.cfbundle; includeInIndex = 0; path = AmplifyAudiobooksTests.xctest; sourceTree = BUILT_PRODUCTS_DIR; };
		00E356F11AD99517003FC87E /* Info.plist */ = {isa = PBXFileReference; lastKnownFileType = text.plist.xml; path = Info.plist; sourceTree = "<group>"; };
		00E356F21AD99517003FC87E /* AmplifyAudiobooksTests.m */ = {isa = PBXFileReference; lastKnownFileType = sourcecode.c.objc; path = AmplifyAudiobooksTests.m; sourceTree = "<group>"; };
		02C42A101D0C4AC696472314 /* GlacialIndifference-Bold.woff */ = {isa = PBXFileReference; explicitFileType = undefined; fileEncoding = 9; includeInIndex = 0; lastKnownFileType = unknown; name = "GlacialIndifference-Bold.woff"; path = "../assets/fonts/Glacial-Indifference/GlacialIndifference-Bold.woff"; sourceTree = "<group>"; };
		03FFCF20EFD141B3BB4B4681 /* Roboto-Thin.ttf */ = {isa = PBXFileReference; explicitFileType = undefined; fileEncoding = 9; includeInIndex = 0; lastKnownFileType = unknown; name = "Roboto-Thin.ttf"; path = "../assets/fonts/Roboto/Roboto-Thin.ttf"; sourceTree = "<group>"; };
		13B07F961A680F5B00A75B9A /* AmplifyAudiobooks.app */ = {isa = PBXFileReference; explicitFileType = wrapper.application; includeInIndex = 0; path = AmplifyAudiobooks.app; sourceTree = BUILT_PRODUCTS_DIR; };
		13B07FAF1A68108700A75B9A /* AppDelegate.h */ = {isa = PBXFileReference; fileEncoding = 4; lastKnownFileType = sourcecode.c.h; name = AppDelegate.h; path = AmplifyAudiobooks/AppDelegate.h; sourceTree = "<group>"; };
		13B07FB01A68108700A75B9A /* AppDelegate.mm */ = {isa = PBXFileReference; fileEncoding = 4; lastKnownFileType = sourcecode.cpp.objcpp; name = AppDelegate.mm; path = AmplifyAudiobooks/AppDelegate.mm; sourceTree = "<group>"; };
		13B07FB51A68108700A75B9A /* Images.xcassets */ = {isa = PBXFileReference; lastKnownFileType = folder.assetcatalog; name = Images.xcassets; path = AmplifyAudiobooks/Images.xcassets; sourceTree = "<group>"; };
		13B07FB61A68108700A75B9A /* Info.plist */ = {isa = PBXFileReference; fileEncoding = 4; lastKnownFileType = text.plist.xml; name = Info.plist; path = AmplifyAudiobooks/Info.plist; sourceTree = "<group>"; };
		13B07FB71A68108700A75B9A /* main.m */ = {isa = PBXFileReference; fileEncoding = 4; lastKnownFileType = sourcecode.c.objc; name = main.m; path = AmplifyAudiobooks/main.m; sourceTree = "<group>"; };
		19F6CBCC0A4E27FBF8BF4A61 /* libPods-AmplifyAudiobooks-AmplifyAudiobooksTests.a */ = {isa = PBXFileReference; explicitFileType = archive.ar; includeInIndex = 0; path = "libPods-AmplifyAudiobooks-AmplifyAudiobooksTests.a"; sourceTree = BUILT_PRODUCTS_DIR; };
		1F2155F344E8490EA7B2B309 /* Roboto-Medium.ttf */ = {isa = PBXFileReference; explicitFileType = undefined; fileEncoding = 9; includeInIndex = 0; lastKnownFileType = unknown; name = "Roboto-Medium.ttf"; path = "../assets/fonts/Roboto/Roboto-Medium.ttf"; sourceTree = "<group>"; };
		2016D9686D424D91B9F90C6A /* GlacialIndifference-Bold.woff2 */ = {isa = PBXFileReference; explicitFileType = undefined; fileEncoding = 9; includeInIndex = 0; lastKnownFileType = unknown; name = "GlacialIndifference-Bold.woff2"; path = "../assets/fonts/Glacial-Indifference/GlacialIndifference-Bold.woff2"; sourceTree = "<group>"; };
		24945DF6A0A043DF936634CE /* Roboto-MediumItalic.ttf */ = {isa = PBXFileReference; explicitFileType = undefined; fileEncoding = 9; includeInIndex = 0; lastKnownFileType = unknown; name = "Roboto-MediumItalic.ttf"; path = "../assets/fonts/Roboto/Roboto-MediumItalic.ttf"; sourceTree = "<group>"; };
		34F9700ACC2843E2A1D4E31C /* GlacialIndifference-Bold.otf */ = {isa = PBXFileReference; explicitFileType = undefined; fileEncoding = 9; includeInIndex = 0; lastKnownFileType = unknown; name = "GlacialIndifference-Bold.otf"; path = "../assets/fonts/Glacial-Indifference/GlacialIndifference-Bold.otf"; sourceTree = "<group>"; };
		3B4392A12AC88292D35C810B /* Pods-AmplifyAudiobooks.debug.xcconfig */ = {isa = PBXFileReference; includeInIndex = 1; lastKnownFileType = text.xcconfig; name = "Pods-AmplifyAudiobooks.debug.xcconfig"; path = "Target Support Files/Pods-AmplifyAudiobooks/Pods-AmplifyAudiobooks.debug.xcconfig"; sourceTree = "<group>"; };
		436F5B8340994FC7A36132E3 /* GlacialIndifference_Specimen.html */ = {isa = PBXFileReference; explicitFileType = undefined; fileEncoding = 9; includeInIndex = 0; lastKnownFileType = unknown; name = GlacialIndifference_Specimen.html; path = "../assets/fonts/Glacial-Indifference/GlacialIndifference_Specimen.html"; sourceTree = "<group>"; };
		4B3DD4A2FD264974BCA4FA42 /* GlacialIndifference-Bold.ttf */ = {isa = PBXFileReference; explicitFileType = undefined; fileEncoding = 9; includeInIndex = 0; lastKnownFileType = unknown; name = "GlacialIndifference-Bold.ttf"; path = "../assets/fonts/Glacial-Indifference/GlacialIndifference-Bold.ttf"; sourceTree = "<group>"; };
		4E4D9052DD6F408F96588FB0 /* GloriaHallelujah-Regular.ttf */ = {isa = PBXFileReference; explicitFileType = undefined; fileEncoding = 9; includeInIndex = 0; lastKnownFileType = unknown; name = "GloriaHallelujah-Regular.ttf"; path = "../assets/fonts/Gloria-Hallelujah/GloriaHallelujah-Regular.ttf"; sourceTree = "<group>"; };
		5521ED951BA14AE88D0A850E /* Roboto-Light.ttf */ = {isa = PBXFileReference; explicitFileType = undefined; fileEncoding = 9; includeInIndex = 0; lastKnownFileType = unknown; name = "Roboto-Light.ttf"; path = "../assets/fonts/Roboto/Roboto-Light.ttf"; sourceTree = "<group>"; };
		5709B34CF0A7D63546082F79 /* Pods-AmplifyAudiobooks.release.xcconfig */ = {isa = PBXFileReference; includeInIndex = 1; lastKnownFileType = text.xcconfig; name = "Pods-AmplifyAudiobooks.release.xcconfig"; path = "Target Support Files/Pods-AmplifyAudiobooks/Pods-AmplifyAudiobooks.release.xcconfig"; sourceTree = "<group>"; };
		5B7EB9410499542E8C5724F5 /* Pods-AmplifyAudiobooks-AmplifyAudiobooksTests.debug.xcconfig */ = {isa = PBXFileReference; includeInIndex = 1; lastKnownFileType = text.xcconfig; name = "Pods-AmplifyAudiobooks-AmplifyAudiobooksTests.debug.xcconfig"; path = "Target Support Files/Pods-AmplifyAudiobooks-AmplifyAudiobooksTests/Pods-AmplifyAudiobooks-AmplifyAudiobooksTests.debug.xcconfig"; sourceTree = "<group>"; };
		5DCACB8F33CDC322A6C60F78 /* libPods-AmplifyAudiobooks.a */ = {isa = PBXFileReference; explicitFileType = archive.ar; includeInIndex = 0; path = "libPods-AmplifyAudiobooks.a"; sourceTree = BUILT_PRODUCTS_DIR; };
		648AB7BA3BF041179CAD6F68 /* Shrikhand-Regular.ttf */ = {isa = PBXFileReference; explicitFileType = undefined; fileEncoding = 9; includeInIndex = 0; lastKnownFileType = unknown; name = "Shrikhand-Regular.ttf"; path = "../assets/fonts/Shrikhand/Shrikhand-Regular.ttf"; sourceTree = "<group>"; };
		797C5CDC110D4066B5947CCD /* Roboto-LightItalic.ttf */ = {isa = PBXFileReference; explicitFileType = undefined; fileEncoding = 9; includeInIndex = 0; lastKnownFileType = unknown; name = "Roboto-LightItalic.ttf"; path = "../assets/fonts/Roboto/Roboto-LightItalic.ttf"; sourceTree = "<group>"; };
		7D02DC2E74444EBAB6CF40F6 /* Roboto-ThinItalic.ttf */ = {isa = PBXFileReference; explicitFileType = undefined; fileEncoding = 9; includeInIndex = 0; lastKnownFileType = unknown; name = "Roboto-ThinItalic.ttf"; path = "../assets/fonts/Roboto/Roboto-ThinItalic.ttf"; sourceTree = "<group>"; };
		7F11B3D1FB004C30B0B4C902 /* Roboto-Italic.ttf */ = {isa = PBXFileReference; explicitFileType = undefined; fileEncoding = 9; includeInIndex = 0; lastKnownFileType = unknown; name = "Roboto-Italic.ttf"; path = "../assets/fonts/Roboto/Roboto-Italic.ttf"; sourceTree = "<group>"; };
		81AB9BB72411601600AC10FF /* LaunchScreen.storyboard */ = {isa = PBXFileReference; fileEncoding = 4; lastKnownFileType = file.storyboard; name = LaunchScreen.storyboard; path = AmplifyAudiobooks/LaunchScreen.storyboard; sourceTree = "<group>"; };
		89C6BE57DB24E9ADA2F236DE /* Pods-AmplifyAudiobooks-AmplifyAudiobooksTests.release.xcconfig */ = {isa = PBXFileReference; includeInIndex = 1; lastKnownFileType = text.xcconfig; name = "Pods-AmplifyAudiobooks-AmplifyAudiobooksTests.release.xcconfig"; path = "Target Support Files/Pods-AmplifyAudiobooks-AmplifyAudiobooksTests/Pods-AmplifyAudiobooks-AmplifyAudiobooksTests.release.xcconfig"; sourceTree = "<group>"; };
		8A5EE1C9EDC7BAB940142884 /* ExpoModulesProvider.swift */ = {isa = PBXFileReference; includeInIndex = 1; lastKnownFileType = sourcecode.swift; name = ExpoModulesProvider.swift; path = "Pods/Target Support Files/Pods-AmplifyAudiobooks/ExpoModulesProvider.swift"; sourceTree = "<group>"; };
		985D0CAE2DCC13BD00DC7174 /* GlacialIndifference_Specimen.html */ = {isa = PBXFileReference; lastKnownFileType = text.html; path = GlacialIndifference_Specimen.html; sourceTree = "<group>"; };
		985D0CAF2DCC13BD00DC7174 /* GlacialIndifference-Bold.otf */ = {isa = PBXFileReference; lastKnownFileType = file; path = "GlacialIndifference-Bold.otf"; sourceTree = "<group>"; };
		985D0CB02DCC13BD00DC7174 /* GlacialIndifference-Bold.ttf */ = {isa = PBXFileReference; lastKnownFileType = file; path = "GlacialIndifference-Bold.ttf"; sourceTree = "<group>"; };
		985D0CB12DCC13BD00DC7174 /* GlacialIndifference-Bold.woff */ = {isa = PBXFileReference; lastKnownFileType = file; path = "GlacialIndifference-Bold.woff"; sourceTree = "<group>"; };
		985D0CB22DCC13BD00DC7174 /* GlacialIndifference-Bold.woff2 */ = {isa = PBXFileReference; lastKnownFileType = file; path = "GlacialIndifference-Bold.woff2"; sourceTree = "<group>"; };
		985D0CB32DCC13BD00DC7174 /* OFL.txt */ = {isa = PBXFileReference; lastKnownFileType = text; path = OFL.txt; sourceTree = "<group>"; };
		985D0CCA2DCC1DF800DC7174 /* GloriaHallelujah-Regular.ttf */ = {isa = PBXFileReference; lastKnownFileType = file; path = "GloriaHallelujah-Regular.ttf"; sourceTree = "<group>"; };
		985D0CCB2DCC1DF800DC7174 /* OFL.txt */ = {isa = PBXFileReference; lastKnownFileType = text; path = OFL.txt; sourceTree = "<group>"; };
		985D0CCD2DCC1DF800DC7174 /* NanumPenScript-Regular.ttf */ = {isa = PBXFileReference; lastKnownFileType = file; path = "NanumPenScript-Regular.ttf"; sourceTree = "<group>"; };
		985D0CCE2DCC1DF800DC7174 /* OFL.txt */ = {isa = PBXFileReference; lastKnownFileType = text; path = OFL.txt; sourceTree = "<group>"; };
		985D0CD02DCC1DF800DC7174 /* LICENSE.txt */ = {isa = PBXFileReference; lastKnownFileType = text; path = LICENSE.txt; sourceTree = "<group>"; };
		985D0CD12DCC1DF800DC7174 /* RockSalt-Regular.ttf */ = {isa = PBXFileReference; lastKnownFileType = file; path = "RockSalt-Regular.ttf"; sourceTree = "<group>"; };
		9865E6D02BB24A4A004F6D25 /* LICENSE.txt */ = {isa = PBXFileReference; fileEncoding = 4; lastKnownFileType = text; path = LICENSE.txt; sourceTree = "<group>"; };
		9865E6D12BB24A4A004F6D25 /* Roboto-Black.ttf */ = {isa = PBXFileReference; lastKnownFileType = file; path = "Roboto-Black.ttf"; sourceTree = "<group>"; };
		9865E6D22BB24A4A004F6D25 /* Roboto-BlackItalic.ttf */ = {isa = PBXFileReference; lastKnownFileType = file; path = "Roboto-BlackItalic.ttf"; sourceTree = "<group>"; };
		9865E6D32BB24A4A004F6D25 /* Roboto-Bold.ttf */ = {isa = PBXFileReference; lastKnownFileType = file; path = "Roboto-Bold.ttf"; sourceTree = "<group>"; };
		9865E6D42BB24A4A004F6D25 /* Roboto-BoldItalic.ttf */ = {isa = PBXFileReference; lastKnownFileType = file; path = "Roboto-BoldItalic.ttf"; sourceTree = "<group>"; };
		9865E6D52BB24A4A004F6D25 /* Roboto-Italic.ttf */ = {isa = PBXFileReference; lastKnownFileType = file; path = "Roboto-Italic.ttf"; sourceTree = "<group>"; };
		9865E6D62BB24A4A004F6D25 /* Roboto-Light.ttf */ = {isa = PBXFileReference; lastKnownFileType = file; path = "Roboto-Light.ttf"; sourceTree = "<group>"; };
		9865E6D72BB24A4A004F6D25 /* Roboto-LightItalic.ttf */ = {isa = PBXFileReference; lastKnownFileType = file; path = "Roboto-LightItalic.ttf"; sourceTree = "<group>"; };
		9865E6D82BB24A4A004F6D25 /* Roboto-Medium.ttf */ = {isa = PBXFileReference; lastKnownFileType = file; path = "Roboto-Medium.ttf"; sourceTree = "<group>"; };
		9865E6D92BB24A4A004F6D25 /* Roboto-MediumItalic.ttf */ = {isa = PBXFileReference; lastKnownFileType = file; path = "Roboto-MediumItalic.ttf"; sourceTree = "<group>"; };
		9865E6DA2BB24A4A004F6D25 /* Roboto-Regular.ttf */ = {isa = PBXFileReference; lastKnownFileType = file; path = "Roboto-Regular.ttf"; sourceTree = "<group>"; };
		9865E6DB2BB24A4A004F6D25 /* Roboto-Thin.ttf */ = {isa = PBXFileReference; lastKnownFileType = file; path = "Roboto-Thin.ttf"; sourceTree = "<group>"; };
		9865E6DC2BB24A4A004F6D25 /* Roboto-ThinItalic.ttf */ = {isa = PBXFileReference; lastKnownFileType = file; path = "Roboto-ThinItalic.ttf"; sourceTree = "<group>"; };
		9865E6DE2BB24A4A004F6D25 /* OFL.txt */ = {isa = PBXFileReference; fileEncoding = 4; lastKnownFileType = text; path = OFL.txt; sourceTree = "<group>"; };
		9865E6DF2BB24A4A004F6D25 /* Shrikhand-Regular.ttf */ = {isa = PBXFileReference; lastKnownFileType = file; path = "Shrikhand-Regular.ttf"; sourceTree = "<group>"; };
		9865E6F12BB24D6E004F6D25 /* AntDesign.ttf */ = {isa = PBXFileReference; lastKnownFileType = file; path = AntDesign.ttf; sourceTree = "<group>"; };
		9865E6F22BB24D6E004F6D25 /* Entypo.ttf */ = {isa = PBXFileReference; lastKnownFileType = file; path = Entypo.ttf; sourceTree = "<group>"; };
		9865E6F32BB24D6E004F6D25 /* EvilIcons.ttf */ = {isa = PBXFileReference; lastKnownFileType = file; path = EvilIcons.ttf; sourceTree = "<group>"; };
		9865E6F42BB24D6E004F6D25 /* Feather.ttf */ = {isa = PBXFileReference; lastKnownFileType = file; path = Feather.ttf; sourceTree = "<group>"; };
		9865E6F52BB24D6E004F6D25 /* FontAwesome.ttf */ = {isa = PBXFileReference; lastKnownFileType = file; path = FontAwesome.ttf; sourceTree = "<group>"; };
		9865E6F62BB24D6E004F6D25 /* FontAwesome5_Brands.ttf */ = {isa = PBXFileReference; lastKnownFileType = file; path = FontAwesome5_Brands.ttf; sourceTree = "<group>"; };
		9865E6F72BB24D6E004F6D25 /* FontAwesome5_Regular.ttf */ = {isa = PBXFileReference; lastKnownFileType = file; path = FontAwesome5_Regular.ttf; sourceTree = "<group>"; };
		9865E6F82BB24D6E004F6D25 /* FontAwesome5_Solid.ttf */ = {isa = PBXFileReference; lastKnownFileType = file; path = FontAwesome5_Solid.ttf; sourceTree = "<group>"; };
		9865E6F92BB24D6E004F6D25 /* FontAwesome6_Brands.ttf */ = {isa = PBXFileReference; lastKnownFileType = file; path = FontAwesome6_Brands.ttf; sourceTree = "<group>"; };
		9865E6FA2BB24D6E004F6D25 /* FontAwesome6_Regular.ttf */ = {isa = PBXFileReference; lastKnownFileType = file; path = FontAwesome6_Regular.ttf; sourceTree = "<group>"; };
		9865E6FB2BB24D6E004F6D25 /* FontAwesome6_Solid.ttf */ = {isa = PBXFileReference; lastKnownFileType = file; path = FontAwesome6_Solid.ttf; sourceTree = "<group>"; };
		9865E6FC2BB24D6E004F6D25 /* Fontisto.ttf */ = {isa = PBXFileReference; lastKnownFileType = file; path = Fontisto.ttf; sourceTree = "<group>"; };
		9865E6FD2BB24D6E004F6D25 /* Foundation.ttf */ = {isa = PBXFileReference; lastKnownFileType = file; path = Foundation.ttf; sourceTree = "<group>"; };
		9865E6FE2BB24D6E004F6D25 /* Ionicons.ttf */ = {isa = PBXFileReference; lastKnownFileType = file; path = Ionicons.ttf; sourceTree = "<group>"; };
		9865E6FF2BB24D6E004F6D25 /* MaterialCommunityIcons.ttf */ = {isa = PBXFileReference; lastKnownFileType = file; path = MaterialCommunityIcons.ttf; sourceTree = "<group>"; };
		9865E7002BB24D6E004F6D25 /* MaterialIcons.ttf */ = {isa = PBXFileReference; lastKnownFileType = file; path = MaterialIcons.ttf; sourceTree = "<group>"; };
		9865E7012BB24D6E004F6D25 /* Octicons.ttf */ = {isa = PBXFileReference; lastKnownFileType = file; path = Octicons.ttf; sourceTree = "<group>"; };
		9865E7022BB24D6E004F6D25 /* SimpleLineIcons.ttf */ = {isa = PBXFileReference; lastKnownFileType = file; path = SimpleLineIcons.ttf; sourceTree = "<group>"; };
		9865E7032BB24D6E004F6D25 /* Zocial.ttf */ = {isa = PBXFileReference; lastKnownFileType = file; path = Zocial.ttf; sourceTree = "<group>"; };
		A7658F9B1F594F16B3D90750 /* Roboto-Regular.ttf */ = {isa = PBXFileReference; explicitFileType = undefined; fileEncoding = 9; includeInIndex = 0; lastKnownFileType = unknown; name = "Roboto-Regular.ttf"; path = "../assets/fonts/Roboto/Roboto-Regular.ttf"; sourceTree = "<group>"; };
		C0DAAD2101CF48A4A3E952C6 /* Roboto-Bold.ttf */ = {isa = PBXFileReference; explicitFileType = undefined; fileEncoding = 9; includeInIndex = 0; lastKnownFileType = unknown; name = "Roboto-Bold.ttf"; path = "../assets/fonts/Roboto/Roboto-Bold.ttf"; sourceTree = "<group>"; };
		CCACD0A71B32ACCE02EFD555 /* ExpoModulesProvider.swift */ = {isa = PBXFileReference; includeInIndex = 1; lastKnownFileType = sourcecode.swift; name = ExpoModulesProvider.swift; path = "Pods/Target Support Files/Pods-AmplifyAudiobooks-AmplifyAudiobooksTests/ExpoModulesProvider.swift"; sourceTree = "<group>"; };
		D6DEC7A5B70A4EC8A0BBEF1C /* Roboto-BoldItalic.ttf */ = {isa = PBXFileReference; explicitFileType = undefined; fileEncoding = 9; includeInIndex = 0; lastKnownFileType = unknown; name = "Roboto-BoldItalic.ttf"; path = "../assets/fonts/Roboto/Roboto-BoldItalic.ttf"; sourceTree = "<group>"; };
		E4D66296749A499BAA3BC8C5 /* RockSalt-Regular.ttf */ = {isa = PBXFileReference; explicitFileType = undefined; fileEncoding = 9; includeInIndex = 0; lastKnownFileType = unknown; name = "RockSalt-Regular.ttf"; path = "../assets/fonts/Rock-Salt/RockSalt-Regular.ttf"; sourceTree = "<group>"; };
		ED297162215061F000B7C4FE /* JavaScriptCore.framework */ = {isa = PBXFileReference; lastKnownFileType = wrapper.framework; name = JavaScriptCore.framework; path = System/Library/Frameworks/JavaScriptCore.framework; sourceTree = SDKROOT; };
		F4818925339C49FF9131FF80 /* NanumPen-Regular.ttf */ = {isa = PBXFileReference; explicitFileType = undefined; fileEncoding = 9; includeInIndex = 0; lastKnownFileType = unknown; name = "NanumPen-Regular.ttf"; path = "../assets/fonts/Nanum-Pen-Script/NanumPen-Regular.ttf"; sourceTree = "<group>"; };
		F99BE44D5D600A95F1D0D9FD /* PrivacyInfo.xcprivacy */ = {isa = PBXFileReference; includeInIndex = 1; name = PrivacyInfo.xcprivacy; path = AmplifyAudiobooks/PrivacyInfo.xcprivacy; sourceTree = "<group>"; };
		FBEFCD5FB7734A4B8A7C011A /* Roboto-Black.ttf */ = {isa = PBXFileReference; explicitFileType = undefined; fileEncoding = 9; includeInIndex = 0; lastKnownFileType = unknown; name = "Roboto-Black.ttf"; path = "../assets/fonts/Roboto/Roboto-Black.ttf"; sourceTree = "<group>"; };
		FEC9EACBA7BA47C68C21058B /* Roboto-BlackItalic.ttf */ = {isa = PBXFileReference; explicitFileType = undefined; fileEncoding = 9; includeInIndex = 0; lastKnownFileType = unknown; name = "Roboto-BlackItalic.ttf"; path = "../assets/fonts/Roboto/Roboto-BlackItalic.ttf"; sourceTree = "<group>"; };
/* End PBXFileReference section */

/* Begin PBXFrameworksBuildPhase section */
		00E356EB1AD99517003FC87E /* Frameworks */ = {
			isa = PBXFrameworksBuildPhase;
			buildActionMask = 2147483647;
			files = (
				7699B88040F8A987B510C191 /* libPods-AmplifyAudiobooks-AmplifyAudiobooksTests.a in Frameworks */,
			);
			runOnlyForDeploymentPostprocessing = 0;
		};
		13B07F8C1A680F5B00A75B9A /* Frameworks */ = {
			isa = PBXFrameworksBuildPhase;
			buildActionMask = 2147483647;
			files = (
				0C80B921A6F3F58F76C31292 /* libPods-AmplifyAudiobooks.a in Frameworks */,
			);
			runOnlyForDeploymentPostprocessing = 0;
		};
/* End PBXFrameworksBuildPhase section */

/* Begin PBXGroup section */
		00E356EF1AD99517003FC87E /* AmplifyAudiobooksTests */ = {
			isa = PBXGroup;
			children = (
				00E356F21AD99517003FC87E /* AmplifyAudiobooksTests.m */,
				00E356F01AD99517003FC87E /* Supporting Files */,
			);
			path = AmplifyAudiobooksTests;
			sourceTree = "<group>";
		};
		00E356F01AD99517003FC87E /* Supporting Files */ = {
			isa = PBXGroup;
			children = (
				00E356F11AD99517003FC87E /* Info.plist */,
			);
			name = "Supporting Files";
			sourceTree = "<group>";
		};
		13B07FAE1A68108700A75B9A /* AmplifyAudiobooks */ = {
			isa = PBXGroup;
			children = (
				13B07FAF1A68108700A75B9A /* AppDelegate.h */,
				13B07FB01A68108700A75B9A /* AppDelegate.mm */,
				13B07FB51A68108700A75B9A /* Images.xcassets */,
				13B07FB61A68108700A75B9A /* Info.plist */,
				81AB9BB72411601600AC10FF /* LaunchScreen.storyboard */,
				13B07FB71A68108700A75B9A /* main.m */,
				F99BE44D5D600A95F1D0D9FD /* PrivacyInfo.xcprivacy */,
			);
			name = AmplifyAudiobooks;
			sourceTree = "<group>";
		};
		1F136CDE72FE33AB4C978B1D /* AmplifyAudiobooks */ = {
			isa = PBXGroup;
			children = (
				8A5EE1C9EDC7BAB940142884 /* ExpoModulesProvider.swift */,
			);
			name = AmplifyAudiobooks;
			sourceTree = "<group>";
		};
		2D16E6871FA4F8E400B85C8A /* Frameworks */ = {
			isa = PBXGroup;
			children = (
				ED297162215061F000B7C4FE /* JavaScriptCore.framework */,
				5DCACB8F33CDC322A6C60F78 /* libPods-AmplifyAudiobooks.a */,
				19F6CBCC0A4E27FBF8BF4A61 /* libPods-AmplifyAudiobooks-AmplifyAudiobooksTests.a */,
			);
			name = Frameworks;
			sourceTree = "<group>";
		};
		63EB82F84F3401E0AEDEC843 /* AmplifyAudiobooksTests */ = {
			isa = PBXGroup;
			children = (
				CCACD0A71B32ACCE02EFD555 /* ExpoModulesProvider.swift */,
			);
			name = AmplifyAudiobooksTests;
			sourceTree = "<group>";
		};
		832341AE1AAA6A7D00B99B32 /* Libraries */ = {
			isa = PBXGroup;
			children = (
			);
			name = Libraries;
			sourceTree = "<group>";
		};
		83CBB9F61A601CBA00E9B192 = {
			isa = PBXGroup;
			children = (
				9865E7042BB24D6E004F6D25 /* Fonts */,
				9865E6E12BB24A4A004F6D25 /* fonts */,
				13B07FAE1A68108700A75B9A /* AmplifyAudiobooks */,
				832341AE1AAA6A7D00B99B32 /* Libraries */,
				00E356EF1AD99517003FC87E /* AmplifyAudiobooksTests */,
				83CBBA001A601CBA00E9B192 /* Products */,
				2D16E6871FA4F8E400B85C8A /* Frameworks */,
				BBD78D7AC51CEA395F1C20DB /* Pods */,
				FCE2FCD54C5746ED314468DB /* ExpoModulesProviders */,
				92A69A008B6640D1B6E5552B /* Resources */,
			);
			indentWidth = 2;
			sourceTree = "<group>";
			tabWidth = 2;
			usesTabs = 0;
		};
		83CBBA001A601CBA00E9B192 /* Products */ = {
			isa = PBXGroup;
			children = (
				13B07F961A680F5B00A75B9A /* AmplifyAudiobooks.app */,
				00E356EE1AD99517003FC87E /* AmplifyAudiobooksTests.xctest */,
			);
			name = Products;
			sourceTree = "<group>";
		};
		92A69A008B6640D1B6E5552B /* Resources */ = {
			isa = PBXGroup;
			children = (
				FBEFCD5FB7734A4B8A7C011A /* Roboto-Black.ttf */,
				FEC9EACBA7BA47C68C21058B /* Roboto-BlackItalic.ttf */,
				C0DAAD2101CF48A4A3E952C6 /* Roboto-Bold.ttf */,
				D6DEC7A5B70A4EC8A0BBEF1C /* Roboto-BoldItalic.ttf */,
				7F11B3D1FB004C30B0B4C902 /* Roboto-Italic.ttf */,
				5521ED951BA14AE88D0A850E /* Roboto-Light.ttf */,
				797C5CDC110D4066B5947CCD /* Roboto-LightItalic.ttf */,
				1F2155F344E8490EA7B2B309 /* Roboto-Medium.ttf */,
				24945DF6A0A043DF936634CE /* Roboto-MediumItalic.ttf */,
				A7658F9B1F594F16B3D90750 /* Roboto-Regular.ttf */,
				03FFCF20EFD141B3BB4B4681 /* Roboto-Thin.ttf */,
				7D02DC2E74444EBAB6CF40F6 /* Roboto-ThinItalic.ttf */,
				648AB7BA3BF041179CAD6F68 /* Shrikhand-Regular.ttf */,
				436F5B8340994FC7A36132E3 /* GlacialIndifference_Specimen.html */,
				34F9700ACC2843E2A1D4E31C /* GlacialIndifference-Bold.otf */,
				4B3DD4A2FD264974BCA4FA42 /* GlacialIndifference-Bold.ttf */,
				02C42A101D0C4AC696472314 /* GlacialIndifference-Bold.woff */,
				2016D9686D424D91B9F90C6A /* GlacialIndifference-Bold.woff2 */,
				4E4D9052DD6F408F96588FB0 /* GloriaHallelujah-Regular.ttf */,
				E4D66296749A499BAA3BC8C5 /* RockSalt-Regular.ttf */,
				F4818925339C49FF9131FF80 /* NanumPen-Regular.ttf */,
			);
			name = Resources;
			sourceTree = "<group>";
		};
		985D0CB42DCC13BD00DC7174 /* Glacial-Indifference */ = {
			isa = PBXGroup;
			children = (
				985D0CAE2DCC13BD00DC7174 /* GlacialIndifference_Specimen.html */,
				985D0CAF2DCC13BD00DC7174 /* GlacialIndifference-Bold.otf */,
				985D0CB02DCC13BD00DC7174 /* GlacialIndifference-Bold.ttf */,
				985D0CB12DCC13BD00DC7174 /* GlacialIndifference-Bold.woff */,
				985D0CB22DCC13BD00DC7174 /* GlacialIndifference-Bold.woff2 */,
				985D0CB32DCC13BD00DC7174 /* OFL.txt */,
			);
			path = "Glacial-Indifference";
			sourceTree = "<group>";
		};
		985D0CCC2DCC1DF800DC7174 /* Gloria-Hallelujah */ = {
			isa = PBXGroup;
			children = (
				985D0CCA2DCC1DF800DC7174 /* GloriaHallelujah-Regular.ttf */,
				985D0CCB2DCC1DF800DC7174 /* OFL.txt */,
			);
			path = "Gloria-Hallelujah";
			sourceTree = "<group>";
		};
		985D0CCF2DCC1DF800DC7174 /* Nanum-Pen-Script */ = {
			isa = PBXGroup;
			children = (
				985D0CCD2DCC1DF800DC7174 /* NanumPenScript-Regular.ttf */,
				985D0CCE2DCC1DF800DC7174 /* OFL.txt */,
			);
			path = "Nanum-Pen-Script";
			sourceTree = "<group>";
		};
		985D0CD22DCC1DF800DC7174 /* Rock-Salt */ = {
			isa = PBXGroup;
			children = (
				985D0CD02DCC1DF800DC7174 /* LICENSE.txt */,
				985D0CD12DCC1DF800DC7174 /* RockSalt-Regular.ttf */,
			);
			path = "Rock-Salt";
			sourceTree = "<group>";
		};
		9865E6DD2BB24A4A004F6D25 /* Roboto */ = {
			isa = PBXGroup;
			children = (
				9865E6D02BB24A4A004F6D25 /* LICENSE.txt */,
				9865E6D12BB24A4A004F6D25 /* Roboto-Black.ttf */,
				9865E6D22BB24A4A004F6D25 /* Roboto-BlackItalic.ttf */,
				9865E6D32BB24A4A004F6D25 /* Roboto-Bold.ttf */,
				9865E6D42BB24A4A004F6D25 /* Roboto-BoldItalic.ttf */,
				9865E6D52BB24A4A004F6D25 /* Roboto-Italic.ttf */,
				9865E6D62BB24A4A004F6D25 /* Roboto-Light.ttf */,
				9865E6D72BB24A4A004F6D25 /* Roboto-LightItalic.ttf */,
				9865E6D82BB24A4A004F6D25 /* Roboto-Medium.ttf */,
				9865E6D92BB24A4A004F6D25 /* Roboto-MediumItalic.ttf */,
				9865E6DA2BB24A4A004F6D25 /* Roboto-Regular.ttf */,
				9865E6DB2BB24A4A004F6D25 /* Roboto-Thin.ttf */,
				9865E6DC2BB24A4A004F6D25 /* Roboto-ThinItalic.ttf */,
			);
			path = Roboto;
			sourceTree = "<group>";
		};
		9865E6E02BB24A4A004F6D25 /* Shrikhand */ = {
			isa = PBXGroup;
			children = (
				9865E6DE2BB24A4A004F6D25 /* OFL.txt */,
				9865E6DF2BB24A4A004F6D25 /* Shrikhand-Regular.ttf */,
			);
			path = Shrikhand;
			sourceTree = "<group>";
		};
		9865E6E12BB24A4A004F6D25 /* fonts */ = {
			isa = PBXGroup;
			children = (
				985D0CCC2DCC1DF800DC7174 /* Gloria-Hallelujah */,
				985D0CCF2DCC1DF800DC7174 /* Nanum-Pen-Script */,
				985D0CD22DCC1DF800DC7174 /* Rock-Salt */,
				985D0CB42DCC13BD00DC7174 /* Glacial-Indifference */,
				9865E6DD2BB24A4A004F6D25 /* Roboto */,
				9865E6E02BB24A4A004F6D25 /* Shrikhand */,
			);
			name = fonts;
			path = ../assets/fonts;
			sourceTree = "<group>";
		};
		9865E7042BB24D6E004F6D25 /* Fonts */ = {
			isa = PBXGroup;
			children = (
				9865E6F12BB24D6E004F6D25 /* AntDesign.ttf */,
				9865E6F22BB24D6E004F6D25 /* Entypo.ttf */,
				9865E6F32BB24D6E004F6D25 /* EvilIcons.ttf */,
				9865E6F42BB24D6E004F6D25 /* Feather.ttf */,
				9865E6F52BB24D6E004F6D25 /* FontAwesome.ttf */,
				9865E6F62BB24D6E004F6D25 /* FontAwesome5_Brands.ttf */,
				9865E6F72BB24D6E004F6D25 /* FontAwesome5_Regular.ttf */,
				9865E6F82BB24D6E004F6D25 /* FontAwesome5_Solid.ttf */,
				9865E6F92BB24D6E004F6D25 /* FontAwesome6_Brands.ttf */,
				9865E6FA2BB24D6E004F6D25 /* FontAwesome6_Regular.ttf */,
				9865E6FB2BB24D6E004F6D25 /* FontAwesome6_Solid.ttf */,
				9865E6FC2BB24D6E004F6D25 /* Fontisto.ttf */,
				9865E6FD2BB24D6E004F6D25 /* Foundation.ttf */,
				9865E6FE2BB24D6E004F6D25 /* Ionicons.ttf */,
				9865E6FF2BB24D6E004F6D25 /* MaterialCommunityIcons.ttf */,
				9865E7002BB24D6E004F6D25 /* MaterialIcons.ttf */,
				9865E7012BB24D6E004F6D25 /* Octicons.ttf */,
				9865E7022BB24D6E004F6D25 /* SimpleLineIcons.ttf */,
				9865E7032BB24D6E004F6D25 /* Zocial.ttf */,
			);
			name = Fonts;
			path = "../node_modules/react-native-vector-icons/Fonts";
			sourceTree = "<group>";
		};
		BBD78D7AC51CEA395F1C20DB /* Pods */ = {
			isa = PBXGroup;
			children = (
				3B4392A12AC88292D35C810B /* Pods-AmplifyAudiobooks.debug.xcconfig */,
				5709B34CF0A7D63546082F79 /* Pods-AmplifyAudiobooks.release.xcconfig */,
				5B7EB9410499542E8C5724F5 /* Pods-AmplifyAudiobooks-AmplifyAudiobooksTests.debug.xcconfig */,
				89C6BE57DB24E9ADA2F236DE /* Pods-AmplifyAudiobooks-AmplifyAudiobooksTests.release.xcconfig */,
			);
			path = Pods;
			sourceTree = "<group>";
		};
		FCE2FCD54C5746ED314468DB /* ExpoModulesProviders */ = {
			isa = PBXGroup;
			children = (
				1F136CDE72FE33AB4C978B1D /* AmplifyAudiobooks */,
				63EB82F84F3401E0AEDEC843 /* AmplifyAudiobooksTests */,
			);
			name = ExpoModulesProviders;
			sourceTree = "<group>";
		};
/* End PBXGroup section */

/* Begin PBXNativeTarget section */
		00E356ED1AD99517003FC87E /* AmplifyAudiobooksTests */ = {
			isa = PBXNativeTarget;
			buildConfigurationList = 00E357021AD99517003FC87E /* Build configuration list for PBXNativeTarget "AmplifyAudiobooksTests" */;
			buildPhases = (
				A55EABD7B0C7F3A422A6CC61 /* [CP] Check Pods Manifest.lock */,
				7FB9B7EA1ABDA20D0BA2C99A /* [Expo] Configure project */,
				00E356EA1AD99517003FC87E /* Sources */,
				00E356EB1AD99517003FC87E /* Frameworks */,
				00E356EC1AD99517003FC87E /* Resources */,
				C59DA0FBD6956966B86A3779 /* [CP] Embed Pods Frameworks */,
				F6A41C54EA430FDDC6A6ED99 /* [CP] Copy Pods Resources */,
			);
			buildRules = (
			);
			dependencies = (
				00E356F51AD99517003FC87E /* PBXTargetDependency */,
			);
			name = AmplifyAudiobooksTests;
			productName = AmplifyAudiobooksTests;
			productReference = 00E356EE1AD99517003FC87E /* AmplifyAudiobooksTests.xctest */;
			productType = "com.apple.product-type.bundle.unit-test";
		};
		13B07F861A680F5B00A75B9A /* AmplifyAudiobooks */ = {
			isa = PBXNativeTarget;
			buildConfigurationList = 13B07F931A680F5B00A75B9A /* Build configuration list for PBXNativeTarget "AmplifyAudiobooks" */;
			buildPhases = (
				C38B50BA6285516D6DCD4F65 /* [CP] Check Pods Manifest.lock */,
				4520CECD778287A79889260B /* [Expo] Configure project */,
				13B07F871A680F5B00A75B9A /* Sources */,
				13B07F8C1A680F5B00A75B9A /* Frameworks */,
				13B07F8E1A680F5B00A75B9A /* Resources */,
				00DD1BFF1BD5951E006B06BC /* Bundle React Native code and images */,
				00EEFC60759A1932668264C0 /* [CP] Embed Pods Frameworks */,
				E235C05ADACE081382539298 /* [CP] Copy Pods Resources */,
			);
			buildRules = (
			);
			dependencies = (
			);
			name = AmplifyAudiobooks;
			productName = AmplifyAudiobooks;
			productReference = 13B07F961A680F5B00A75B9A /* AmplifyAudiobooks.app */;
			productType = "com.apple.product-type.application";
		};
/* End PBXNativeTarget section */

/* Begin PBXProject section */
		83CBB9F71A601CBA00E9B192 /* Project object */ = {
			isa = PBXProject;
			attributes = {
				LastUpgradeCheck = 1210;
				TargetAttributes = {
					00E356ED1AD99517003FC87E = {
						CreatedOnToolsVersion = 6.2;
						TestTargetID = 13B07F861A680F5B00A75B9A;
					};
					13B07F861A680F5B00A75B9A = {
						LastSwiftMigration = 1120;
					};
				};
			};
			buildConfigurationList = 83CBB9FA1A601CBA00E9B192 /* Build configuration list for PBXProject "AmplifyAudiobooks" */;
			compatibilityVersion = "Xcode 12.0";
			developmentRegion = en;
			hasScannedForEncodings = 0;
			knownRegions = (
				en,
				Base,
			);
			mainGroup = 83CBB9F61A601CBA00E9B192;
			productRefGroup = 83CBBA001A601CBA00E9B192 /* Products */;
			projectDirPath = "";
			projectRoot = "";
			targets = (
				13B07F861A680F5B00A75B9A /* AmplifyAudiobooks */,
				00E356ED1AD99517003FC87E /* AmplifyAudiobooksTests */,
			);
		};
/* End PBXProject section */

/* Begin PBXResourcesBuildPhase section */
		00E356EC1AD99517003FC87E /* Resources */ = {
			isa = PBXResourcesBuildPhase;
			buildActionMask = 2147483647;
			files = (
			);
			runOnlyForDeploymentPostprocessing = 0;
		};
		13B07F8E1A680F5B00A75B9A /* Resources */ = {
			isa = PBXResourcesBuildPhase;
			buildActionMask = 2147483647;
			files = (
				9865E6EE2BB24A4A004F6D25 /* Roboto-ThinItalic.ttf in Resources */,
				81AB9BB82411601600AC10FF /* LaunchScreen.storyboard in Resources */,
				13B07FBF1A68108700A75B9A /* Images.xcassets in Resources */,
				9865E6E72BB24A4A004F6D25 /* Roboto-Italic.ttf in Resources */,
				9865E6E32BB24A4A004F6D25 /* Roboto-Black.ttf in Resources */,
				B0CD17B70ED340C8819CF7D5 /* Roboto-BlackItalic.ttf in Resources */,
				17CAC14E794A4BA683C89748 /* Roboto-Bold.ttf in Resources */,
				B6C0928AAA6942AEADA76308 /* Roboto-BoldItalic.ttf in Resources */,
				8507B0C38D1140FCBBCE83E6 /* Roboto-Italic.ttf in Resources */,
				5A18B5C94F9749DDB91607A5 /* Roboto-Light.ttf in Resources */,
				E2C227D4A193434F84790DDB /* Roboto-LightItalic.ttf in Resources */,
				985D0CB52DCC13BD00DC7174 /* GlacialIndifference-Bold.woff2 in Resources */,
				985D0CB62DCC13BD00DC7174 /* GlacialIndifference-Bold.woff in Resources */,
				985D0CB72DCC13BD00DC7174 /* GlacialIndifference-Bold.otf in Resources */,
				985D0CB82DCC13BD00DC7174 /* GlacialIndifference_Specimen.html in Resources */,
				3D59DC5B1DA543509164C277 /* Roboto-Medium.ttf in Resources */,
				9D8CDAE2691D4965B1ED626D /* Roboto-MediumItalic.ttf in Resources */,
				825085CF00D54DEF971D1B03 /* Roboto-Regular.ttf in Resources */,
				2703EFF2FE474F0F91FC8A64 /* Roboto-Thin.ttf in Resources */,
				185FAC60087046EA9FCA639C /* Shrikhand-Regular.ttf in Resources */,
				840DD7BC34CD413C9066946B /* GlacialIndifference_Specimen.html in Resources */,
				B2993FFE23FB40D7AC24FFDA /* GlacialIndifference-Bold.otf in Resources */,
				38807E1CCDE047D0884CD8D3 /* GlacialIndifference-Bold.ttf in Resources */,
				17A753EC534A4A17A5E972D1 /* GlacialIndifference-Bold.woff in Resources */,
				0DD73E9AA94D450ABA3030D5 /* GlacialIndifference-Bold.woff2 in Resources */,
				5EF9987DE70041BB97FB1238 /* GloriaHallelujah-Regular.ttf in Resources */,
				F37DA365DE7F4763B9428381 /* RockSalt-Regular.ttf in Resources */,
				6596DC10CBB84F428A100964 /* NanumPen-Regular.ttf in Resources */,
				91BB6E2DEE904E27B3FD1006 /* PrivacyInfo.xcprivacy in Resources */,
			);
			runOnlyForDeploymentPostprocessing = 0;
		};
/* End PBXResourcesBuildPhase section */

/* Begin PBXShellScriptBuildPhase section */
		00DD1BFF1BD5951E006B06BC /* Bundle React Native code and images */ = {
			isa = PBXShellScriptBuildPhase;
			buildActionMask = 2147483647;
			files = (
			);
			inputPaths = (
				"$(SRCROOT)/.xcode.env.local",
				"$(SRCROOT)/.xcode.env",
			);
			name = "Bundle React Native code and images";
			outputPaths = (
			);
			runOnlyForDeploymentPostprocessing = 0;
			shellPath = /bin/sh;
			shellScript = "if [[ -f \"$PODS_ROOT/../.xcode.env\" ]]; then\n  source \"$PODS_ROOT/../.xcode.env\"\nfi\nif [[ -f \"$PODS_ROOT/../.xcode.env.local\" ]]; then\n  source \"$PODS_ROOT/../.xcode.env.local\"\nfi\n\n# The project root by default is one level up from the ios directory\nexport PROJECT_ROOT=\"$PROJECT_DIR\"/..\n\nif [[ \"$CONFIGURATION\" = *Debug* ]]; then\n  export SKIP_BUNDLING=1\nfi\nif [[ -z \"$ENTRY_FILE\" ]]; then\n  # Set the entry JS file using the bundler's entry resolution.\n  export ENTRY_FILE=\"$(\"$NODE_BINARY\" -e \"require('expo/scripts/resolveAppEntry')\" \"$PROJECT_ROOT\" ios relative | tail -n 1)\"\nfi\n\nif [[ -z \"$CLI_PATH\" ]]; then\n  # Use Expo CLI\n  export CLI_PATH=\"$(\"$NODE_BINARY\" --print \"require.resolve('@expo/cli')\")\"\nfi\nif [[ -z \"$BUNDLE_COMMAND\" ]]; then\n  # Default Expo CLI command for bundling\n  export BUNDLE_COMMAND=\"export:embed\"\nfi\n\n`\"$NODE_BINARY\" --print \"require('path').dirname(require.resolve('react-native/package.json')) + '/scripts/react-native-xcode.sh'\"`\n";
		};
		00EEFC60759A1932668264C0 /* [CP] Embed Pods Frameworks */ = {
			isa = PBXShellScriptBuildPhase;
			buildActionMask = 2147483647;
			files = (
			);
			inputFileListPaths = (
				"${PODS_ROOT}/Target Support Files/Pods-AmplifyAudiobooks/Pods-AmplifyAudiobooks-frameworks-${CONFIGURATION}-input-files.xcfilelist",
			);
			name = "[CP] Embed Pods Frameworks";
			outputFileListPaths = (
				"${PODS_ROOT}/Target Support Files/Pods-AmplifyAudiobooks/Pods-AmplifyAudiobooks-frameworks-${CONFIGURATION}-output-files.xcfilelist",
			);
			runOnlyForDeploymentPostprocessing = 0;
			shellPath = /bin/sh;
			shellScript = "\"${PODS_ROOT}/Target Support Files/Pods-AmplifyAudiobooks/Pods-AmplifyAudiobooks-frameworks.sh\"\n";
			showEnvVarsInLog = 0;
		};
		4520CECD778287A79889260B /* [Expo] Configure project */ = {
			isa = PBXShellScriptBuildPhase;
			alwaysOutOfDate = 1;
			buildActionMask = 2147483647;
			files = (
			);
			inputFileListPaths = (
			);
			inputPaths = (
			);
			name = "[Expo] Configure project";
			outputFileListPaths = (
			);
			outputPaths = (
			);
			runOnlyForDeploymentPostprocessing = 0;
			shellPath = /bin/sh;
			shellScript = "# This script configures Expo modules and generates the modules provider file.\nbash -l -c \"./Pods/Target\\ Support\\ Files/Pods-AmplifyAudiobooks/expo-configure-project.sh\"\n";
		};
		7FB9B7EA1ABDA20D0BA2C99A /* [Expo] Configure project */ = {
			isa = PBXShellScriptBuildPhase;
			alwaysOutOfDate = 1;
			buildActionMask = 2147483647;
			files = (
			);
			inputFileListPaths = (
			);
			inputPaths = (
			);
			name = "[Expo] Configure project";
			outputFileListPaths = (
			);
			outputPaths = (
			);
			runOnlyForDeploymentPostprocessing = 0;
			shellPath = /bin/sh;
			shellScript = "# This script configures Expo modules and generates the modules provider file.\nbash -l -c \"./Pods/Target\\ Support\\ Files/Pods-AmplifyAudiobooks-AmplifyAudiobooksTests/expo-configure-project.sh\"\n";
		};
		A55EABD7B0C7F3A422A6CC61 /* [CP] Check Pods Manifest.lock */ = {
			isa = PBXShellScriptBuildPhase;
			buildActionMask = 2147483647;
			files = (
			);
			inputFileListPaths = (
			);
			inputPaths = (
				"${PODS_PODFILE_DIR_PATH}/Podfile.lock",
				"${PODS_ROOT}/Manifest.lock",
			);
			name = "[CP] Check Pods Manifest.lock";
			outputFileListPaths = (
			);
			outputPaths = (
				"$(DERIVED_FILE_DIR)/Pods-AmplifyAudiobooks-AmplifyAudiobooksTests-checkManifestLockResult.txt",
			);
			runOnlyForDeploymentPostprocessing = 0;
			shellPath = /bin/sh;
			shellScript = "diff \"${PODS_PODFILE_DIR_PATH}/Podfile.lock\" \"${PODS_ROOT}/Manifest.lock\" > /dev/null\nif [ $? != 0 ] ; then\n    # print error to STDERR\n    echo \"error: The sandbox is not in sync with the Podfile.lock. Run 'pod install' or update your CocoaPods installation.\" >&2\n    exit 1\nfi\n# This output is used by Xcode 'outputs' to avoid re-running this script phase.\necho \"SUCCESS\" > \"${SCRIPT_OUTPUT_FILE_0}\"\n";
			showEnvVarsInLog = 0;
		};
		C38B50BA6285516D6DCD4F65 /* [CP] Check Pods Manifest.lock */ = {
			isa = PBXShellScriptBuildPhase;
			buildActionMask = 2147483647;
			files = (
			);
			inputFileListPaths = (
			);
			inputPaths = (
				"${PODS_PODFILE_DIR_PATH}/Podfile.lock",
				"${PODS_ROOT}/Manifest.lock",
			);
			name = "[CP] Check Pods Manifest.lock";
			outputFileListPaths = (
			);
			outputPaths = (
				"$(DERIVED_FILE_DIR)/Pods-AmplifyAudiobooks-checkManifestLockResult.txt",
			);
			runOnlyForDeploymentPostprocessing = 0;
			shellPath = /bin/sh;
			shellScript = "diff \"${PODS_PODFILE_DIR_PATH}/Podfile.lock\" \"${PODS_ROOT}/Manifest.lock\" > /dev/null\nif [ $? != 0 ] ; then\n    # print error to STDERR\n    echo \"error: The sandbox is not in sync with the Podfile.lock. Run 'pod install' or update your CocoaPods installation.\" >&2\n    exit 1\nfi\n# This output is used by Xcode 'outputs' to avoid re-running this script phase.\necho \"SUCCESS\" > \"${SCRIPT_OUTPUT_FILE_0}\"\n";
			showEnvVarsInLog = 0;
		};
		C59DA0FBD6956966B86A3779 /* [CP] Embed Pods Frameworks */ = {
			isa = PBXShellScriptBuildPhase;
			buildActionMask = 2147483647;
			files = (
			);
			inputFileListPaths = (
				"${PODS_ROOT}/Target Support Files/Pods-AmplifyAudiobooks-AmplifyAudiobooksTests/Pods-AmplifyAudiobooks-AmplifyAudiobooksTests-frameworks-${CONFIGURATION}-input-files.xcfilelist",
			);
			name = "[CP] Embed Pods Frameworks";
			outputFileListPaths = (
				"${PODS_ROOT}/Target Support Files/Pods-AmplifyAudiobooks-AmplifyAudiobooksTests/Pods-AmplifyAudiobooks-AmplifyAudiobooksTests-frameworks-${CONFIGURATION}-output-files.xcfilelist",
			);
			runOnlyForDeploymentPostprocessing = 0;
			shellPath = /bin/sh;
			shellScript = "\"${PODS_ROOT}/Target Support Files/Pods-AmplifyAudiobooks-AmplifyAudiobooksTests/Pods-AmplifyAudiobooks-AmplifyAudiobooksTests-frameworks.sh\"\n";
			showEnvVarsInLog = 0;
		};
		E235C05ADACE081382539298 /* [CP] Copy Pods Resources */ = {
			isa = PBXShellScriptBuildPhase;
			buildActionMask = 2147483647;
			files = (
			);
			inputFileListPaths = (
				"${PODS_ROOT}/Target Support Files/Pods-AmplifyAudiobooks/Pods-AmplifyAudiobooks-resources-${CONFIGURATION}-input-files.xcfilelist",
			);
			name = "[CP] Copy Pods Resources";
			outputFileListPaths = (
				"${PODS_ROOT}/Target Support Files/Pods-AmplifyAudiobooks/Pods-AmplifyAudiobooks-resources-${CONFIGURATION}-output-files.xcfilelist",
			);
			runOnlyForDeploymentPostprocessing = 0;
			shellPath = /bin/sh;
			shellScript = "\"${PODS_ROOT}/Target Support Files/Pods-AmplifyAudiobooks/Pods-AmplifyAudiobooks-resources.sh\"\n";
			showEnvVarsInLog = 0;
		};
		F6A41C54EA430FDDC6A6ED99 /* [CP] Copy Pods Resources */ = {
			isa = PBXShellScriptBuildPhase;
			buildActionMask = 2147483647;
			files = (
			);
			inputFileListPaths = (
				"${PODS_ROOT}/Target Support Files/Pods-AmplifyAudiobooks-AmplifyAudiobooksTests/Pods-AmplifyAudiobooks-AmplifyAudiobooksTests-resources-${CONFIGURATION}-input-files.xcfilelist",
			);
			name = "[CP] Copy Pods Resources";
			outputFileListPaths = (
				"${PODS_ROOT}/Target Support Files/Pods-AmplifyAudiobooks-AmplifyAudiobooksTests/Pods-AmplifyAudiobooks-AmplifyAudiobooksTests-resources-${CONFIGURATION}-output-files.xcfilelist",
			);
			runOnlyForDeploymentPostprocessing = 0;
			shellPath = /bin/sh;
			shellScript = "\"${PODS_ROOT}/Target Support Files/Pods-AmplifyAudiobooks-AmplifyAudiobooksTests/Pods-AmplifyAudiobooks-AmplifyAudiobooksTests-resources.sh\"\n";
			showEnvVarsInLog = 0;
		};
/* End PBXShellScriptBuildPhase section */

/* Begin PBXSourcesBuildPhase section */
		00E356EA1AD99517003FC87E /* Sources */ = {
			isa = PBXSourcesBuildPhase;
			buildActionMask = 2147483647;
			files = (
				00E356F31AD99517003FC87E /* AmplifyAudiobooksTests.m in Sources */,
				CF9ADF36AD1BA006DC8407F9 /* ExpoModulesProvider.swift in Sources */,
			);
			runOnlyForDeploymentPostprocessing = 0;
		};
		13B07F871A680F5B00A75B9A /* Sources */ = {
			isa = PBXSourcesBuildPhase;
			buildActionMask = 2147483647;
			files = (
				13B07FBC1A68108700A75B9A /* AppDelegate.mm in Sources */,
				13B07FC11A68108700A75B9A /* main.m in Sources */,
				76BF36B6551BC520E4C66C55 /* ExpoModulesProvider.swift in Sources */,
			);
			runOnlyForDeploymentPostprocessing = 0;
		};
/* End PBXSourcesBuildPhase section */

/* Begin PBXTargetDependency section */
		00E356F51AD99517003FC87E /* PBXTargetDependency */ = {
			isa = PBXTargetDependency;
			target = 13B07F861A680F5B00A75B9A /* AmplifyAudiobooks */;
			targetProxy = 00E356F41AD99517003FC87E /* PBXContainerItemProxy */;
		};
/* End PBXTargetDependency section */

/* Begin XCBuildConfiguration section */
		00E356F61AD99517003FC87E /* Debug */ = {
			isa = XCBuildConfiguration;
			baseConfigurationReference = 5B7EB9410499542E8C5724F5 /* Pods-AmplifyAudiobooks-AmplifyAudiobooksTests.debug.xcconfig */;
			buildSettings = {
				BUNDLE_LOADER = "$(TEST_HOST)";
				GCC_PREPROCESSOR_DEFINITIONS = (
					"DEBUG=1",
					"$(inherited)",
				);
				INFOPLIST_FILE = AmplifyAudiobooksTests/Info.plist;
				IPHONEOS_DEPLOYMENT_TARGET = 15.1;
				LD_RUNPATH_SEARCH_PATHS = (
					"$(inherited)",
					"@executable_path/Frameworks",
					"@loader_path/Frameworks",
				);
				OTHER_LDFLAGS = (
					"-ObjC",
					"-lc++",
					"$(inherited)",
				);
				OTHER_SWIFT_FLAGS = "$(inherited) -D EXPO_CONFIGURATION_DEBUG";
				PRODUCT_BUNDLE_IDENTIFIER = "org.reactjs.native.example.$(PRODUCT_NAME:rfc1034identifier)";
				PRODUCT_NAME = "$(TARGET_NAME)";
				SUPPORTED_PLATFORMS = "iphoneos iphonesimulator";
				SUPPORTS_MACCATALYST = NO;
				SUPPORTS_MAC_DESIGNED_FOR_IPHONE_IPAD = NO;
				SUPPORTS_XR_DESIGNED_FOR_IPHONE_IPAD = NO;
				TARGETED_DEVICE_FAMILY = 1;
				TEST_HOST = "$(BUILT_PRODUCTS_DIR)/AmplifyAudiobooks.app/AmplifyAudiobooks";
			};
			name = Debug;
		};
		00E356F71AD99517003FC87E /* Release */ = {
			isa = XCBuildConfiguration;
			baseConfigurationReference = 89C6BE57DB24E9ADA2F236DE /* Pods-AmplifyAudiobooks-AmplifyAudiobooksTests.release.xcconfig */;
			buildSettings = {
				BUNDLE_LOADER = "$(TEST_HOST)";
				COPY_PHASE_STRIP = NO;
				INFOPLIST_FILE = AmplifyAudiobooksTests/Info.plist;
				IPHONEOS_DEPLOYMENT_TARGET = 15.1;
				LD_RUNPATH_SEARCH_PATHS = (
					"$(inherited)",
					"@executable_path/Frameworks",
					"@loader_path/Frameworks",
				);
				OTHER_LDFLAGS = (
					"-ObjC",
					"-lc++",
					"$(inherited)",
				);
				OTHER_SWIFT_FLAGS = "$(inherited) -D EXPO_CONFIGURATION_RELEASE";
				PRODUCT_BUNDLE_IDENTIFIER = "org.reactjs.native.example.$(PRODUCT_NAME:rfc1034identifier)";
				PRODUCT_NAME = "$(TARGET_NAME)";
				SUPPORTED_PLATFORMS = "iphoneos iphonesimulator";
				SUPPORTS_MACCATALYST = NO;
				SUPPORTS_MAC_DESIGNED_FOR_IPHONE_IPAD = NO;
				SUPPORTS_XR_DESIGNED_FOR_IPHONE_IPAD = NO;
				TARGETED_DEVICE_FAMILY = 1;
				TEST_HOST = "$(BUILT_PRODUCTS_DIR)/AmplifyAudiobooks.app/AmplifyAudiobooks";
			};
			name = Release;
		};
		13B07F941A680F5B00A75B9A /* Debug */ = {
			isa = XCBuildConfiguration;
			baseConfigurationReference = 3B4392A12AC88292D35C810B /* Pods-AmplifyAudiobooks.debug.xcconfig */;
			buildSettings = {
				ASSETCATALOG_COMPILER_APPICON_NAME = AppIcon;
				ASSETCATALOG_COMPILER_INCLUDE_ALL_APPICON_ASSETS = YES;
				CLANG_ENABLE_MODULES = YES;
				CURRENT_PROJECT_VERSION = 1;
				DEVELOPMENT_TEAM = UY4JPXJYBN;
				ENABLE_BITCODE = NO;
				INFOPLIST_FILE = AmplifyAudiobooks/Info.plist;
				INFOPLIST_KEY_CFBundleDisplayName = "AMPlify Audiobooks";
				INFOPLIST_KEY_LSApplicationCategoryType = "public.app-category.books";
				LD_RUNPATH_SEARCH_PATHS = (
					"$(inherited)",
					"@executable_path/Frameworks",
				);
				MARKETING_VERSION = 2.0.5;
				OTHER_LDFLAGS = (
					"$(inherited)",
					"-ObjC",
					"-lc++",
				);
				OTHER_SWIFT_FLAGS = "$(inherited) -D EXPO_CONFIGURATION_DEBUG";
				PRODUCT_BUNDLE_IDENTIFIER = "org.reactjs.native.example.$(PRODUCT_NAME:rfc1034identifier)";
				"PRODUCT_BUNDLE_IDENTIFIER[sdk=iphoneos*]" = com.sevenstar.amplify;
				PRODUCT_NAME = AmplifyAudiobooks;
				SUPPORTED_PLATFORMS = "iphoneos iphonesimulator";
				SUPPORTS_MACCATALYST = NO;
				SUPPORTS_MAC_DESIGNED_FOR_IPHONE_IPAD = NO;
				SUPPORTS_XR_DESIGNED_FOR_IPHONE_IPAD = NO;
				SWIFT_OPTIMIZATION_LEVEL = "-Onone";
				SWIFT_VERSION = 5.0;
				TARGETED_DEVICE_FAMILY = 1;
				VERSIONING_SYSTEM = "apple-generic";
			};
			name = Debug;
		};
		13B07F951A680F5B00A75B9A /* Release */ = {
			isa = XCBuildConfiguration;
			baseConfigurationReference = 5709B34CF0A7D63546082F79 /* Pods-AmplifyAudiobooks.release.xcconfig */;
			buildSettings = {
				ASSETCATALOG_COMPILER_APPICON_NAME = AppIcon;
				ASSETCATALOG_COMPILER_INCLUDE_ALL_APPICON_ASSETS = YES;
				CLANG_ENABLE_MODULES = YES;
				CURRENT_PROJECT_VERSION = 1;
				DEVELOPMENT_TEAM = UY4JPXJYBN;
				INFOPLIST_FILE = AmplifyAudiobooks/Info.plist;
				INFOPLIST_KEY_CFBundleDisplayName = "AMPlify Audiobooks";
				INFOPLIST_KEY_LSApplicationCategoryType = "public.app-category.books";
				LD_RUNPATH_SEARCH_PATHS = (
					"$(inherited)",
					"@executable_path/Frameworks",
				);
				MARKETING_VERSION = 2.0.5;
				OTHER_LDFLAGS = (
					"$(inherited)",
					"-ObjC",
					"-lc++",
				);
				OTHER_SWIFT_FLAGS = "$(inherited) -D EXPO_CONFIGURATION_RELEASE";
				PRODUCT_BUNDLE_IDENTIFIER = "org.reactjs.native.example.$(PRODUCT_NAME:rfc1034identifier)";
				"PRODUCT_BUNDLE_IDENTIFIER[sdk=iphoneos*]" = com.sevenstar.amplify;
				PRODUCT_NAME = AmplifyAudiobooks;
				SUPPORTED_PLATFORMS = "iphoneos iphonesimulator";
				SUPPORTS_MACCATALYST = NO;
				SUPPORTS_MAC_DESIGNED_FOR_IPHONE_IPAD = NO;
				SUPPORTS_XR_DESIGNED_FOR_IPHONE_IPAD = NO;
				SWIFT_VERSION = 5.0;
				TARGETED_DEVICE_FAMILY = 1;
				VERSIONING_SYSTEM = "apple-generic";
			};
			name = Release;
		};
		83CBBA201A601CBA00E9B192 /* Debug */ = {
			isa = XCBuildConfiguration;
			buildSettings = {
				ALWAYS_SEARCH_USER_PATHS = NO;
				CLANG_ANALYZER_LOCALIZABILITY_NONLOCALIZED = YES;
				CLANG_CXX_LANGUAGE_STANDARD = "c++20";
				CLANG_CXX_LIBRARY = "libc++";
				CLANG_ENABLE_MODULES = YES;
				CLANG_ENABLE_OBJC_ARC = YES;
				CLANG_WARN_BLOCK_CAPTURE_AUTORELEASING = YES;
				CLANG_WARN_BOOL_CONVERSION = YES;
				CLANG_WARN_COMMA = YES;
				CLANG_WARN_CONSTANT_CONVERSION = YES;
				CLANG_WARN_DEPRECATED_OBJC_IMPLEMENTATIONS = YES;
				CLANG_WARN_DIRECT_OBJC_ISA_USAGE = YES_ERROR;
				CLANG_WARN_EMPTY_BODY = YES;
				CLANG_WARN_ENUM_CONVERSION = YES;
				CLANG_WARN_INFINITE_RECURSION = YES;
				CLANG_WARN_INT_CONVERSION = YES;
				CLANG_WARN_NON_LITERAL_NULL_CONVERSION = YES;
				CLANG_WARN_OBJC_IMPLICIT_RETAIN_SELF = YES;
				CLANG_WARN_OBJC_LITERAL_CONVERSION = YES;
				CLANG_WARN_OBJC_ROOT_CLASS = YES_ERROR;
				CLANG_WARN_QUOTED_INCLUDE_IN_FRAMEWORK_HEADER = YES;
				CLANG_WARN_RANGE_LOOP_ANALYSIS = YES;
				CLANG_WARN_STRICT_PROTOTYPES = YES;
				CLANG_WARN_SUSPICIOUS_MOVE = YES;
				CLANG_WARN_UNREACHABLE_CODE = YES;
				CLANG_WARN__DUPLICATE_METHOD_MATCH = YES;
				"CODE_SIGN_IDENTITY[sdk=iphoneos*]" = "iPhone Developer";
				COPY_PHASE_STRIP = NO;
				ENABLE_STRICT_OBJC_MSGSEND = YES;
				ENABLE_TESTABILITY = YES;
				"EXCLUDED_ARCHS[sdk=iphonesimulator*]" = i386;
				GCC_C_LANGUAGE_STANDARD = gnu99;
				GCC_DYNAMIC_NO_PIC = NO;
				GCC_NO_COMMON_BLOCKS = YES;
				GCC_OPTIMIZATION_LEVEL = 0;
				GCC_PREPROCESSOR_DEFINITIONS = (
					"DEBUG=1",
					"$(inherited)",
				);
				GCC_SYMBOLS_PRIVATE_EXTERN = NO;
				GCC_WARN_64_TO_32_BIT_CONVERSION = YES;
				GCC_WARN_ABOUT_RETURN_TYPE = YES_ERROR;
				GCC_WARN_UNDECLARED_SELECTOR = YES;
				GCC_WARN_UNINITIALIZED_AUTOS = YES_AGGRESSIVE;
				GCC_WARN_UNUSED_FUNCTION = YES;
				GCC_WARN_UNUSED_VARIABLE = YES;
				IPHONEOS_DEPLOYMENT_TARGET = 15.1;
				LD_RUNPATH_SEARCH_PATHS = (
					/usr/lib/swift,
					"$(inherited)",
				);
				LIBRARY_SEARCH_PATHS = (
					"\"$(SDKROOT)/usr/lib/swift\"",
					"\"$(TOOLCHAIN_DIR)/usr/lib/swift/$(PLATFORM_NAME)\"",
					"\"$(inherited)\"",
				);
				MTL_ENABLE_DEBUG_INFO = YES;
				ONLY_ACTIVE_ARCH = YES;
				OTHER_CFLAGS = "$(inherited)";
				OTHER_CPLUSPLUSFLAGS = (
					"$(OTHER_CFLAGS)",
					"-DFOLLY_NO_CONFIG",
					"-DFOLLY_MOBILE=1",
					"-DFOLLY_USE_LIBCPP=1",
					"-DFOLLY_CFG_NO_COROUTINES=1",
				);
				OTHER_LDFLAGS = (
					"$(inherited)",
					" ",
				);
				REACT_NATIVE_PATH = "${PODS_ROOT}/../../node_modules/react-native";
				SDKROOT = iphoneos;
				SWIFT_ACTIVE_COMPILATION_CONDITIONS = "$(inherited) DEBUG";
				USE_HERMES = true;
			};
			name = Debug;
		};
		83CBBA211A601CBA00E9B192 /* Release */ = {
			isa = XCBuildConfiguration;
			buildSettings = {
				ALWAYS_SEARCH_USER_PATHS = NO;
				CLANG_ANALYZER_LOCALIZABILITY_NONLOCALIZED = YES;
				CLANG_CXX_LANGUAGE_STANDARD = "c++20";
				CLANG_CXX_LIBRARY = "libc++";
				CLANG_ENABLE_MODULES = YES;
				CLANG_ENABLE_OBJC_ARC = YES;
				CLANG_WARN_BLOCK_CAPTURE_AUTORELEASING = YES;
				CLANG_WARN_BOOL_CONVERSION = YES;
				CLANG_WARN_COMMA = YES;
				CLANG_WARN_CONSTANT_CONVERSION = YES;
				CLANG_WARN_DEPRECATED_OBJC_IMPLEMENTATIONS = YES;
				CLANG_WARN_DIRECT_OBJC_ISA_USAGE = YES_ERROR;
				CLANG_WARN_EMPTY_BODY = YES;
				CLANG_WARN_ENUM_CONVERSION = YES;
				CLANG_WARN_INFINITE_RECURSION = YES;
				CLANG_WARN_INT_CONVERSION = YES;
				CLANG_WARN_NON_LITERAL_NULL_CONVERSION = YES;
				CLANG_WARN_OBJC_IMPLICIT_RETAIN_SELF = YES;
				CLANG_WARN_OBJC_LITERAL_CONVERSION = YES;
				CLANG_WARN_OBJC_ROOT_CLASS = YES_ERROR;
				CLANG_WARN_QUOTED_INCLUDE_IN_FRAMEWORK_HEADER = YES;
				CLANG_WARN_RANGE_LOOP_ANALYSIS = YES;
				CLANG_WARN_STRICT_PROTOTYPES = YES;
				CLANG_WARN_SUSPICIOUS_MOVE = YES;
				CLANG_WARN_UNREACHABLE_CODE = YES;
				CLANG_WARN__DUPLICATE_METHOD_MATCH = YES;
				"CODE_SIGN_IDENTITY[sdk=iphoneos*]" = "iPhone Developer";
				COPY_PHASE_STRIP = YES;
				ENABLE_NS_ASSERTIONS = NO;
				ENABLE_STRICT_OBJC_MSGSEND = YES;
				"EXCLUDED_ARCHS[sdk=iphonesimulator*]" = i386;
				GCC_C_LANGUAGE_STANDARD = gnu99;
				GCC_NO_COMMON_BLOCKS = YES;
				GCC_WARN_64_TO_32_BIT_CONVERSION = YES;
				GCC_WARN_ABOUT_RETURN_TYPE = YES_ERROR;
				GCC_WARN_UNDECLARED_SELECTOR = YES;
				GCC_WARN_UNINITIALIZED_AUTOS = YES_AGGRESSIVE;
				GCC_WARN_UNUSED_FUNCTION = YES;
				GCC_WARN_UNUSED_VARIABLE = YES;
				IPHONEOS_DEPLOYMENT_TARGET = 15.1;
				LD_RUNPATH_SEARCH_PATHS = (
					/usr/lib/swift,
					"$(inherited)",
				);
				LIBRARY_SEARCH_PATHS = (
					"\"$(SDKROOT)/usr/lib/swift\"",
					"\"$(TOOLCHAIN_DIR)/usr/lib/swift/$(PLATFORM_NAME)\"",
					"\"$(inherited)\"",
				);
				MTL_ENABLE_DEBUG_INFO = NO;
				OTHER_CFLAGS = "$(inherited)";
				OTHER_CPLUSPLUSFLAGS = (
					"$(OTHER_CFLAGS)",
					"-DFOLLY_NO_CONFIG",
					"-DFOLLY_MOBILE=1",
					"-DFOLLY_USE_LIBCPP=1",
					"-DFOLLY_CFG_NO_COROUTINES=1",
				);
				OTHER_LDFLAGS = (
					"$(inherited)",
					" ",
				);
				REACT_NATIVE_PATH = "${PODS_ROOT}/../../node_modules/react-native";
				SDKROOT = iphoneos;
				USE_HERMES = true;
				VALIDATE_PRODUCT = YES;
			};
			name = Release;
		};
/* End XCBuildConfiguration section */

/* Begin XCConfigurationList section */
		00E357021AD99517003FC87E /* Build configuration list for PBXNativeTarget "AmplifyAudiobooksTests" */ = {
			isa = XCConfigurationList;
			buildConfigurations = (
				00E356F61AD99517003FC87E /* Debug */,
				00E356F71AD99517003FC87E /* Release */,
			);
			defaultConfigurationIsVisible = 0;
			defaultConfigurationName = Release;
		};
		13B07F931A680F5B00A75B9A /* Build configuration list for PBXNativeTarget "AmplifyAudiobooks" */ = {
			isa = XCConfigurationList;
			buildConfigurations = (
				13B07F941A680F5B00A75B9A /* Debug */,
				13B07F951A680F5B00A75B9A /* Release */,
			);
			defaultConfigurationIsVisible = 0;
			defaultConfigurationName = Release;
		};
		83CBB9FA1A601CBA00E9B192 /* Build configuration list for PBXProject "AmplifyAudiobooks" */ = {
			isa = XCConfigurationList;
			buildConfigurations = (
				83CBBA201A601CBA00E9B192 /* Debug */,
				83CBBA211A601CBA00E9B192 /* Release */,
			);
			defaultConfigurationIsVisible = 0;
			defaultConfigurationName = Release;
		};
/* End XCConfigurationList section */
	};
	rootObject = 83CBB9F71A601CBA00E9B192 /* Project object */;
}
